// !$*UTF8*$!
{
	archiveVersion = 1;
	classes = {
	};
	objectVersion = 56;
	objects = {

/* Begin PBXBuildFile section */
		6F2F15E82A8A39B700638968 /* RMService.swift in Sources */ = {isa = PBXBuildFile; fileRef = 6F2F15E72A8A39B700638968 /* RMService.swift */; };
		6F2F15EA2A8A39D600638968 /* RMRequest.swift in Sources */ = {isa = PBXBuildFile; fileRef = 6F2F15E92A8A39D600638968 /* RMRequest.swift */; };
		6F6857B22A8A5687001FBF07 /* RMOrigin.swift in Sources */ = {isa = PBXBuildFile; fileRef = 6F6857B12A8A5687001FBF07 /* RMOrigin.swift */; };
		6F6857B42A8A5747001FBF07 /* RMSingleLocation.swift in Sources */ = {isa = PBXBuildFile; fileRef = 6F6857B32A8A5747001FBF07 /* RMSingleLocation.swift */; };
		6F6857B62A8A5A74001FBF07 /* RMCharacterStatus.swift in Sources */ = {isa = PBXBuildFile; fileRef = 6F6857B52A8A5A74001FBF07 /* RMCharacterStatus.swift */; };
		6F6857B82A8A5C61001FBF07 /* RMCharacterGender.swift in Sources */ = {isa = PBXBuildFile; fileRef = 6F6857B72A8A5C61001FBF07 /* RMCharacterGender.swift */; };
		6FB550722A88DEFD0097C744 /* AppDelegate.swift in Sources */ = {isa = PBXBuildFile; fileRef = 6FB550712A88DEFD0097C744 /* AppDelegate.swift */; };
		6FB550742A88DEFD0097C744 /* SceneDelegate.swift in Sources */ = {isa = PBXBuildFile; fileRef = 6FB550732A88DEFD0097C744 /* SceneDelegate.swift */; };
		6FB550762A88DEFD0097C744 /* RMTabBarController.swift in Sources */ = {isa = PBXBuildFile; fileRef = 6FB550752A88DEFD0097C744 /* RMTabBarController.swift */; };
		6FB5507B2A88DEFE0097C744 /* Assets.xcassets in Resources */ = {isa = PBXBuildFile; fileRef = 6FB5507A2A88DEFE0097C744 /* Assets.xcassets */; };
		6FB5507E2A88DEFE0097C744 /* LaunchScreen.storyboard in Resources */ = {isa = PBXBuildFile; fileRef = 6FB5507C2A88DEFE0097C744 /* LaunchScreen.storyboard */; };
		6FB5508F2A88E75D0097C744 /* RMLocation.swift in Sources */ = {isa = PBXBuildFile; fileRef = 6FB5508E2A88E75D0097C744 /* RMLocation.swift */; };
		6FB550912A88E7660097C744 /* RMCharacter.swift in Sources */ = {isa = PBXBuildFile; fileRef = 6FB550902A88E7660097C744 /* RMCharacter.swift */; };
		6FB550932A88E76F0097C744 /* RMEpisode.swift in Sources */ = {isa = PBXBuildFile; fileRef = 6FB550922A88E76F0097C744 /* RMEpisode.swift */; };
		6FB550962A88E8480097C744 /* RMCharacterViewController.swift in Sources */ = {isa = PBXBuildFile; fileRef = 6FB550952A88E8480097C744 /* RMCharacterViewController.swift */; };
		6FB550982A88E8690097C744 /* RMLocationViewController.swift in Sources */ = {isa = PBXBuildFile; fileRef = 6FB550972A88E8690097C744 /* RMLocationViewController.swift */; };
		6FB5509A2A88E8730097C744 /* RMEpisodeViewController.swift in Sources */ = {isa = PBXBuildFile; fileRef = 6FB550992A88E8730097C744 /* RMEpisodeViewController.swift */; };
		6FB5509C2A88E8960097C744 /* RMSettingsViewController.swift in Sources */ = {isa = PBXBuildFile; fileRef = 6FB5509B2A88E8960097C744 /* RMSettingsViewController.swift */; };
		6FC82B102A8A4877004A9684 /* RMEndpoint.swift in Sources */ = {isa = PBXBuildFile; fileRef = 6FC82B0F2A8A4877004A9684 /* RMEndpoint.swift */; };
/* End PBXBuildFile section */

/* Begin PBXFileReference section */
		6F2F15E72A8A39B700638968 /* RMService.swift */ = {isa = PBXFileReference; lastKnownFileType = sourcecode.swift; path = RMService.swift; sourceTree = "<group>"; };
		6F2F15E92A8A39D600638968 /* RMRequest.swift */ = {isa = PBXFileReference; lastKnownFileType = sourcecode.swift; path = RMRequest.swift; sourceTree = "<group>"; };
		6F6857B12A8A5687001FBF07 /* RMOrigin.swift */ = {isa = PBXFileReference; lastKnownFileType = sourcecode.swift; path = RMOrigin.swift; sourceTree = "<group>"; };
		6F6857B32A8A5747001FBF07 /* RMSingleLocation.swift */ = {isa = PBXFileReference; lastKnownFileType = sourcecode.swift; path = RMSingleLocation.swift; sourceTree = "<group>"; };
		6F6857B52A8A5A74001FBF07 /* RMCharacterStatus.swift */ = {isa = PBXFileReference; lastKnownFileType = sourcecode.swift; path = RMCharacterStatus.swift; sourceTree = "<group>"; };
		6F6857B72A8A5C61001FBF07 /* RMCharacterGender.swift */ = {isa = PBXFileReference; lastKnownFileType = sourcecode.swift; path = RMCharacterGender.swift; sourceTree = "<group>"; };
		6FB5506E2A88DEFD0097C744 /* RickAndMorty.app */ = {isa = PBXFileReference; explicitFileType = wrapper.application; includeInIndex = 0; path = RickAndMorty.app; sourceTree = BUILT_PRODUCTS_DIR; };
		6FB550712A88DEFD0097C744 /* AppDelegate.swift */ = {isa = PBXFileReference; lastKnownFileType = sourcecode.swift; path = AppDelegate.swift; sourceTree = "<group>"; };
		6FB550732A88DEFD0097C744 /* SceneDelegate.swift */ = {isa = PBXFileReference; lastKnownFileType = sourcecode.swift; path = SceneDelegate.swift; sourceTree = "<group>"; };
		6FB550752A88DEFD0097C744 /* RMTabBarController.swift */ = {isa = PBXFileReference; lastKnownFileType = sourcecode.swift; path = RMTabBarController.swift; sourceTree = "<group>"; };
		6FB5507A2A88DEFE0097C744 /* Assets.xcassets */ = {isa = PBXFileReference; lastKnownFileType = folder.assetcatalog; path = Assets.xcassets; sourceTree = "<group>"; };
		6FB5507D2A88DEFE0097C744 /* Base */ = {isa = PBXFileReference; lastKnownFileType = file.storyboard; name = Base; path = Base.lproj/LaunchScreen.storyboard; sourceTree = "<group>"; };
		6FB5507F2A88DEFE0097C744 /* Info.plist */ = {isa = PBXFileReference; lastKnownFileType = text.plist.xml; path = Info.plist; sourceTree = "<group>"; };
		6FB5508E2A88E75D0097C744 /* RMLocation.swift */ = {isa = PBXFileReference; lastKnownFileType = sourcecode.swift; path = RMLocation.swift; sourceTree = "<group>"; };
		6FB550902A88E7660097C744 /* RMCharacter.swift */ = {isa = PBXFileReference; lastKnownFileType = sourcecode.swift; path = RMCharacter.swift; sourceTree = "<group>"; };
		6FB550922A88E76F0097C744 /* RMEpisode.swift */ = {isa = PBXFileReference; lastKnownFileType = sourcecode.swift; path = RMEpisode.swift; sourceTree = "<group>"; };
		6FB550952A88E8480097C744 /* RMCharacterViewController.swift */ = {isa = PBXFileReference; lastKnownFileType = sourcecode.swift; path = RMCharacterViewController.swift; sourceTree = "<group>"; };
		6FB550972A88E8690097C744 /* RMLocationViewController.swift */ = {isa = PBXFileReference; lastKnownFileType = sourcecode.swift; path = RMLocationViewController.swift; sourceTree = "<group>"; };
		6FB550992A88E8730097C744 /* RMEpisodeViewController.swift */ = {isa = PBXFileReference; lastKnownFileType = sourcecode.swift; path = RMEpisodeViewController.swift; sourceTree = "<group>"; };
		6FB5509B2A88E8960097C744 /* RMSettingsViewController.swift */ = {isa = PBXFileReference; lastKnownFileType = sourcecode.swift; path = RMSettingsViewController.swift; sourceTree = "<group>"; };
		6FC82B0F2A8A4877004A9684 /* RMEndpoint.swift */ = {isa = PBXFileReference; lastKnownFileType = sourcecode.swift; path = RMEndpoint.swift; sourceTree = "<group>"; };
/* End PBXFileReference section */

/* Begin PBXFrameworksBuildPhase section */
		6FB5506B2A88DEFD0097C744 /* Frameworks */ = {
			isa = PBXFrameworksBuildPhase;
			buildActionMask = 2147483647;
			files = (
			);
			runOnlyForDeploymentPostprocessing = 0;
		};
/* End PBXFrameworksBuildPhase section */

/* Begin PBXGroup section */
		6FB550652A88DEFD0097C744 = {
			isa = PBXGroup;
			children = (
				6FB550702A88DEFD0097C744 /* RickAndMorty */,
				6FB5506F2A88DEFD0097C744 /* Products */,
			);
			sourceTree = "<group>";
		};
		6FB5506F2A88DEFD0097C744 /* Products */ = {
			isa = PBXGroup;
			children = (
				6FB5506E2A88DEFD0097C744 /* RickAndMorty.app */,
			);
			name = Products;
			sourceTree = "<group>";
		};
		6FB550702A88DEFD0097C744 /* RickAndMorty */ = {
			isa = PBXGroup;
			children = (
				6FB5507F2A88DEFE0097C744 /* Info.plist */,
				6FB5508B2A88E4230097C744 /* Resources */,
				6FB5508A2A88E4170097C744 /* Managers */,
				6FB550882A88E3B70097C744 /* APIClient */,
				6FB550872A88E39E0097C744 /* ViewModels */,
				6FB550862A88E38F0097C744 /* Views */,
				6FB550852A88E3870097C744 /* Models */,
				6FB550892A88E3F50097C744 /* Controllers */,
			);
			path = RickAndMorty;
			sourceTree = "<group>";
		};
		6FB550852A88E3870097C744 /* Models */ = {
			isa = PBXGroup;
			children = (
				6FB5508E2A88E75D0097C744 /* RMLocation.swift */,
				6FB550902A88E7660097C744 /* RMCharacter.swift */,
				6FB550922A88E76F0097C744 /* RMEpisode.swift */,
				6F6857B12A8A5687001FBF07 /* RMOrigin.swift */,
				6F6857B32A8A5747001FBF07 /* RMSingleLocation.swift */,
				6F6857B52A8A5A74001FBF07 /* RMCharacterStatus.swift */,
				6F6857B72A8A5C61001FBF07 /* RMCharacterGender.swift */,
			);
			path = Models;
			sourceTree = "<group>";
		};
		6FB550862A88E38F0097C744 /* Views */ = {
			isa = PBXGroup;
			children = (
			);
			path = Views;
			sourceTree = "<group>";
		};
		6FB550872A88E39E0097C744 /* ViewModels */ = {
			isa = PBXGroup;
			children = (
			);
			path = ViewModels;
			sourceTree = "<group>";
		};
		6FB550882A88E3B70097C744 /* APIClient */ = {
			isa = PBXGroup;
			children = (
				6F2F15E72A8A39B700638968 /* RMService.swift */,
				6F2F15E92A8A39D600638968 /* RMRequest.swift */,
				6FC82B0F2A8A4877004A9684 /* RMEndpoint.swift */,
			);
			path = APIClient;
			sourceTree = "<group>";
		};
		6FB550892A88E3F50097C744 /* Controllers */ = {
			isa = PBXGroup;
			children = (
				6FB550942A88E7F00097C744 /* Core */,
			);
			path = Controllers;
			sourceTree = "<group>";
		};
		6FB5508A2A88E4170097C744 /* Managers */ = {
			isa = PBXGroup;
			children = (
			);
			path = Managers;
			sourceTree = "<group>";
		};
		6FB5508B2A88E4230097C744 /* Resources */ = {
			isa = PBXGroup;
			children = (
				6FB550712A88DEFD0097C744 /* AppDelegate.swift */,
				6FB550732A88DEFD0097C744 /* SceneDelegate.swift */,
				6FB5507A2A88DEFE0097C744 /* Assets.xcassets */,
				6FB5507C2A88DEFE0097C744 /* LaunchScreen.storyboard */,
			);
			path = Resources;
			sourceTree = "<group>";
		};
		6FB550942A88E7F00097C744 /* Core */ = {
			isa = PBXGroup;
			children = (
				6FB550752A88DEFD0097C744 /* RMTabBarController.swift */,
				6FB550952A88E8480097C744 /* RMCharacterViewController.swift */,
				6FB550972A88E8690097C744 /* RMLocationViewController.swift */,
				6FB550992A88E8730097C744 /* RMEpisodeViewController.swift */,
				6FB5509B2A88E8960097C744 /* RMSettingsViewController.swift */,
			);
			path = Core;
			sourceTree = "<group>";
		};
/* End PBXGroup section */

/* Begin PBXNativeTarget section */
		6FB5506D2A88DEFD0097C744 /* RickAndMorty */ = {
			isa = PBXNativeTarget;
			buildConfigurationList = 6FB550822A88DEFE0097C744 /* Build configuration list for PBXNativeTarget "RickAndMorty" */;
			buildPhases = (
				6FB5506A2A88DEFD0097C744 /* Sources */,
				6FB5506B2A88DEFD0097C744 /* Frameworks */,
				6FB5506C2A88DEFD0097C744 /* Resources */,
			);
			buildRules = (
			);
			dependencies = (
			);
			name = RickAndMorty;
			productName = RickAndMorty;
			productReference = 6FB5506E2A88DEFD0097C744 /* RickAndMorty.app */;
			productType = "com.apple.product-type.application";
		};
/* End PBXNativeTarget section */

/* Begin PBXProject section */
		6FB550662A88DEFD0097C744 /* Project object */ = {
			isa = PBXProject;
			attributes = {
				BuildIndependentTargetsInParallel = 1;
				LastSwiftUpdateCheck = 1420;
				LastUpgradeCheck = 1420;
				TargetAttributes = {
					6FB5506D2A88DEFD0097C744 = {
						CreatedOnToolsVersion = 14.2;
					};
				};
			};
			buildConfigurationList = 6FB550692A88DEFD0097C744 /* Build configuration list for PBXProject "RickAndMorty" */;
			compatibilityVersion = "Xcode 14.0";
			developmentRegion = en;
			hasScannedForEncodings = 0;
			knownRegions = (
				en,
				Base,
			);
			mainGroup = 6FB550652A88DEFD0097C744;
			productRefGroup = 6FB5506F2A88DEFD0097C744 /* Products */;
			projectDirPath = "";
			projectRoot = "";
			targets = (
				6FB5506D2A88DEFD0097C744 /* RickAndMorty */,
			);
		};
/* End PBXProject section */

/* Begin PBXResourcesBuildPhase section */
		6FB5506C2A88DEFD0097C744 /* Resources */ = {
			isa = PBXResourcesBuildPhase;
			buildActionMask = 2147483647;
			files = (
				6FB5507E2A88DEFE0097C744 /* LaunchScreen.storyboard in Resources */,
				6FB5507B2A88DEFE0097C744 /* Assets.xcassets in Resources */,
			);
			runOnlyForDeploymentPostprocessing = 0;
		};
/* End PBXResourcesBuildPhase section */

/* Begin PBXSourcesBuildPhase section */
		6FB5506A2A88DEFD0097C744 /* Sources */ = {
			isa = PBXSourcesBuildPhase;
			buildActionMask = 2147483647;
			files = (
				6F6857B22A8A5687001FBF07 /* RMOrigin.swift in Sources */,
				6F6857B42A8A5747001FBF07 /* RMSingleLocation.swift in Sources */,
				6F6857B62A8A5A74001FBF07 /* RMCharacterStatus.swift in Sources */,
				6F6857B82A8A5C61001FBF07 /* RMCharacterGender.swift in Sources */,
				6FB550982A88E8690097C744 /* RMLocationViewController.swift in Sources */,
				6FB550932A88E76F0097C744 /* RMEpisode.swift in Sources */,
				6FB550762A88DEFD0097C744 /* RMTabBarController.swift in Sources */,
				6FB5509A2A88E8730097C744 /* RMEpisodeViewController.swift in Sources */,
				6FB550722A88DEFD0097C744 /* AppDelegate.swift in Sources */,
				6FB550742A88DEFD0097C744 /* SceneDelegate.swift in Sources */,
				6FB5509C2A88E8960097C744 /* RMSettingsViewController.swift in Sources */,
				6F2F15E82A8A39B700638968 /* RMService.swift in Sources */,
				6FB5508F2A88E75D0097C744 /* RMLocation.swift in Sources */,
				6FC82B102A8A4877004A9684 /* RMEndpoint.swift in Sources */,
				6FB550912A88E7660097C744 /* RMCharacter.swift in Sources */,
				6F2F15EA2A8A39D600638968 /* RMRequest.swift in Sources */,
				6FB550962A88E8480097C744 /* RMCharacterViewController.swift in Sources */,
			);
			runOnlyForDeploymentPostprocessing = 0;
		};
/* End PBXSourcesBuildPhase section */

/* Begin PBXVariantGroup section */
		6FB5507C2A88DEFE0097C744 /* LaunchScreen.storyboard */ = {
			isa = PBXVariantGroup;
			children = (
				6FB5507D2A88DEFE0097C744 /* Base */,
			);
			name = LaunchScreen.storyboard;
			sourceTree = "<group>";
		};
/* End PBXVariantGroup section */

/* Begin XCBuildConfiguration section */
		6FB550802A88DEFE0097C744 /* Debug */ = {
			isa = XCBuildConfiguration;
			buildSettings = {
				ALWAYS_SEARCH_USER_PATHS = NO;
				CLANG_ANALYZER_NONNULL = YES;
				CLANG_ANALYZER_NUMBER_OBJECT_CONVERSION = YES_AGGRESSIVE;
				CLANG_CXX_LANGUAGE_STANDARD = "gnu++20";
				CLANG_ENABLE_MODULES = YES;
				CLANG_ENABLE_OBJC_ARC = YES;
				CLANG_ENABLE_OBJC_WEAK = YES;
				CLANG_WARN_BLOCK_CAPTURE_AUTORELEASING = YES;
				CLANG_WARN_BOOL_CONVERSION = YES;
				CLANG_WARN_COMMA = YES;
				CLANG_WARN_CONSTANT_CONVERSION = YES;
				CLANG_WARN_DEPRECATED_OBJC_IMPLEMENTATIONS = YES;
				CLANG_WARN_DIRECT_OBJC_ISA_USAGE = YES_ERROR;
				CLANG_WARN_DOCUMENTATION_COMMENTS = YES;
				CLANG_WARN_EMPTY_BODY = YES;
				CLANG_WARN_ENUM_CONVERSION = YES;
				CLANG_WARN_INFINITE_RECURSION = YES;
				CLANG_WARN_INT_CONVERSION = YES;
				CLANG_WARN_NON_LITERAL_NULL_CONVERSION = YES;
				CLANG_WARN_OBJC_IMPLICIT_RETAIN_SELF = YES;
				CLANG_WARN_OBJC_LITERAL_CONVERSION = YES;
				CLANG_WARN_OBJC_ROOT_CLASS = YES_ERROR;
				CLANG_WARN_QUOTED_INCLUDE_IN_FRAMEWORK_HEADER = YES;
				CLANG_WARN_RANGE_LOOP_ANALYSIS = YES;
				CLANG_WARN_STRICT_PROTOTYPES = YES;
				CLANG_WARN_SUSPICIOUS_MOVE = YES;
				CLANG_WARN_UNGUARDED_AVAILABILITY = YES_AGGRESSIVE;
				CLANG_WARN_UNREACHABLE_CODE = YES;
				CLANG_WARN__DUPLICATE_METHOD_MATCH = YES;
				COPY_PHASE_STRIP = NO;
				DEBUG_INFORMATION_FORMAT = dwarf;
				ENABLE_STRICT_OBJC_MSGSEND = YES;
				ENABLE_TESTABILITY = YES;
				GCC_C_LANGUAGE_STANDARD = gnu11;
				GCC_DYNAMIC_NO_PIC = NO;
				GCC_NO_COMMON_BLOCKS = YES;
				GCC_OPTIMIZATION_LEVEL = 0;
				GCC_PREPROCESSOR_DEFINITIONS = (
					"DEBUG=1",
					"$(inherited)",
				);
				GCC_WARN_64_TO_32_BIT_CONVERSION = YES;
				GCC_WARN_ABOUT_RETURN_TYPE = YES_ERROR;
				GCC_WARN_UNDECLARED_SELECTOR = YES;
				GCC_WARN_UNINITIALIZED_AUTOS = YES_AGGRESSIVE;
				GCC_WARN_UNUSED_FUNCTION = YES;
				GCC_WARN_UNUSED_VARIABLE = YES;
				IPHONEOS_DEPLOYMENT_TARGET = 16.2;
				MTL_ENABLE_DEBUG_INFO = INCLUDE_SOURCE;
				MTL_FAST_MATH = YES;
				ONLY_ACTIVE_ARCH = YES;
				SDKROOT = iphoneos;
				SWIFT_ACTIVE_COMPILATION_CONDITIONS = DEBUG;
				SWIFT_OPTIMIZATION_LEVEL = "-Onone";
			};
			name = Debug;
		};
		6FB550812A88DEFE0097C744 /* Release */ = {
			isa = XCBuildConfiguration;
			buildSettings = {
				ALWAYS_SEARCH_USER_PATHS = NO;
				CLANG_ANALYZER_NONNULL = YES;
				CLANG_ANALYZER_NUMBER_OBJECT_CONVERSION = YES_AGGRESSIVE;
				CLANG_CXX_LANGUAGE_STANDARD = "gnu++20";
				CLANG_ENABLE_MODULES = YES;
				CLANG_ENABLE_OBJC_ARC = YES;
				CLANG_ENABLE_OBJC_WEAK = YES;
				CLANG_WARN_BLOCK_CAPTURE_AUTORELEASING = YES;
				CLANG_WARN_BOOL_CONVERSION = YES;
				CLANG_WARN_COMMA = YES;
				CLANG_WARN_CONSTANT_CONVERSION = YES;
				CLANG_WARN_DEPRECATED_OBJC_IMPLEMENTATIONS = YES;
				CLANG_WARN_DIRECT_OBJC_ISA_USAGE = YES_ERROR;
				CLANG_WARN_DOCUMENTATION_COMMENTS = YES;
				CLANG_WARN_EMPTY_BODY = YES;
				CLANG_WARN_ENUM_CONVERSION = YES;
				CLANG_WARN_INFINITE_RECURSION = YES;
				CLANG_WARN_INT_CONVERSION = YES;
				CLANG_WARN_NON_LITERAL_NULL_CONVERSION = YES;
				CLANG_WARN_OBJC_IMPLICIT_RETAIN_SELF = YES;
				CLANG_WARN_OBJC_LITERAL_CONVERSION = YES;
				CLANG_WARN_OBJC_ROOT_CLASS = YES_ERROR;
				CLANG_WARN_QUOTED_INCLUDE_IN_FRAMEWORK_HEADER = YES;
				CLANG_WARN_RANGE_LOOP_ANALYSIS = YES;
				CLANG_WARN_STRICT_PROTOTYPES = YES;
				CLANG_WARN_SUSPICIOUS_MOVE = YES;
				CLANG_WARN_UNGUARDED_AVAILABILITY = YES_AGGRESSIVE;
				CLANG_WARN_UNREACHABLE_CODE = YES;
				CLANG_WARN__DUPLICATE_METHOD_MATCH = YES;
				COPY_PHASE_STRIP = NO;
				DEBUG_INFORMATION_FORMAT = "dwarf-with-dsym";
				ENABLE_NS_ASSERTIONS = NO;
				ENABLE_STRICT_OBJC_MSGSEND = YES;
				GCC_C_LANGUAGE_STANDARD = gnu11;
				GCC_NO_COMMON_BLOCKS = YES;
				GCC_WARN_64_TO_32_BIT_CONVERSION = YES;
				GCC_WARN_ABOUT_RETURN_TYPE = YES_ERROR;
				GCC_WARN_UNDECLARED_SELECTOR = YES;
				GCC_WARN_UNINITIALIZED_AUTOS = YES_AGGRESSIVE;
				GCC_WARN_UNUSED_FUNCTION = YES;
				GCC_WARN_UNUSED_VARIABLE = YES;
				IPHONEOS_DEPLOYMENT_TARGET = 16.2;
				MTL_ENABLE_DEBUG_INFO = NO;
				MTL_FAST_MATH = YES;
				SDKROOT = iphoneos;
				SWIFT_COMPILATION_MODE = wholemodule;
				SWIFT_OPTIMIZATION_LEVEL = "-O";
				VALIDATE_PRODUCT = YES;
			};
			name = Release;
		};
		6FB550832A88DEFE0097C744 /* Debug */ = {
			isa = XCBuildConfiguration;
			buildSettings = {
				ASSETCATALOG_COMPILER_APPICON_NAME = AppIcon;
				ASSETCATALOG_COMPILER_GLOBAL_ACCENT_COLOR_NAME = AccentColor;
				CODE_SIGN_STYLE = Automatic;
				CURRENT_PROJECT_VERSION = 1;
				GENERATE_INFOPLIST_FILE = YES;
				INFOPLIST_FILE = RickAndMorty/Info.plist;
				INFOPLIST_KEY_UIApplicationSupportsIndirectInputEvents = YES;
				INFOPLIST_KEY_UILaunchStoryboardName = LaunchScreen;
				INFOPLIST_KEY_UISupportedInterfaceOrientations_iPad = "UIInterfaceOrientationPortrait UIInterfaceOrientationPortraitUpsideDown UIInterfaceOrientationLandscapeLeft UIInterfaceOrientationLandscapeRight";
				INFOPLIST_KEY_UISupportedInterfaceOrientations_iPhone = "UIInterfaceOrientationPortrait UIInterfaceOrientationLandscapeLeft UIInterfaceOrientationLandscapeRight";
				LD_RUNPATH_SEARCH_PATHS = (
					"$(inherited)",
					"@executable_path/Frameworks",
				);
				MARKETING_VERSION = 1.0;
				PRODUCT_BUNDLE_IDENTIFIER = com.RickAndMorty;
				PRODUCT_NAME = "$(TARGET_NAME)";
				SWIFT_EMIT_LOC_STRINGS = YES;
				SWIFT_VERSION = 5.0;
				TARGETED_DEVICE_FAMILY = "1,2";
			};
			name = Debug;
		};
		6FB550842A88DEFE0097C744 /* Release */ = {
			isa = XCBuildConfiguration;
			buildSettings = {
				ASSETCATALOG_COMPILER_APPICON_NAME = AppIcon;
				ASSETCATALOG_COMPILER_GLOBAL_ACCENT_COLOR_NAME = AccentColor;
				CODE_SIGN_STYLE = Automatic;
				CURRENT_PROJECT_VERSION = 1;
				GENERATE_INFOPLIST_FILE = YES;
				INFOPLIST_FILE = RickAndMorty/Info.plist;
				INFOPLIST_KEY_UIApplicationSupportsIndirectInputEvents = YES;
				INFOPLIST_KEY_UILaunchStoryboardName = LaunchScreen;
				INFOPLIST_KEY_UISupportedInterfaceOrientations_iPad = "UIInterfaceOrientationPortrait UIInterfaceOrientationPortraitUpsideDown UIInterfaceOrientationLandscapeLeft UIInterfaceOrientationLandscapeRight";
				INFOPLIST_KEY_UISupportedInterfaceOrientations_iPhone = "UIInterfaceOrientationPortrait UIInterfaceOrientationLandscapeLeft UIInterfaceOrientationLandscapeRight";
				LD_RUNPATH_SEARCH_PATHS = (
					"$(inherited)",
					"@executable_path/Frameworks",
				);
				MARKETING_VERSION = 1.0;
				PRODUCT_BUNDLE_IDENTIFIER = com.RickAndMorty;
				PRODUCT_NAME = "$(TARGET_NAME)";
				SWIFT_EMIT_LOC_STRINGS = YES;
				SWIFT_VERSION = 5.0;
				TARGETED_DEVICE_FAMILY = "1,2";
			};
			name = Release;
		};
/* End XCBuildConfiguration section */

/* Begin XCConfigurationList section */
		6FB550692A88DEFD0097C744 /* Build configuration list for PBXProject "RickAndMorty" */ = {
			isa = XCConfigurationList;
			buildConfigurations = (
				6FB550802A88DEFE0097C744 /* Debug */,
				6FB550812A88DEFE0097C744 /* Release */,
			);
			defaultConfigurationIsVisible = 0;
			defaultConfigurationName = Release;
		};
		6FB550822A88DEFE0097C744 /* Build configuration list for PBXNativeTarget "RickAndMorty" */ = {
			isa = XCConfigurationList;
			buildConfigurations = (
				6FB550832A88DEFE0097C744 /* Debug */,
				6FB550842A88DEFE0097C744 /* Release */,
			);
			defaultConfigurationIsVisible = 0;
			defaultConfigurationName = Release;
		};
/* End XCConfigurationList section */
	};
	rootObject = 6FB550662A88DEFD0097C744 /* Project object */;
}
